
Microsoft Visual Studio Solution File, Format Version 12.00
# Visual Studio Version 17
VisualStudioVersion = 17.9.34723.18
MinimumVisualStudioVersion = 10.0.40219.1
Project("{9A19103F-16F7-4668-BE54-9A1E7A4F7556}") = "1.00 - Variables", "1.00 - Variables\1.00 - Variables.csproj", "{D95C403A-FA7D-4FDC-9231-972EDF9983FD}"
EndProject
Project("{FAE04EC0-301F-11D3-BF4B-00C04F79EFBC}") = "1.01 - CastingConverting Types", "1.01 - CastingConverting Types\1.01 - CastingConverting Types.csproj", "{D73F0650-62B8-4177-8DC8-9784A6C3717F}"
EndProject
Project("{FAE04EC0-301F-11D3-BF4B-00C04F79EFBC}") = "1.02 - Relational Operations", "1.02 - Relational Operations\1.02 - Relational Operations.csproj", "{32BC1BB5-0580-4D7B-84DA-756A03F25453}"
EndProject
Project("{FAE04EC0-301F-11D3-BF4B-00C04F79EFBC}") = "1.03 - Logical Operator", "1.03 - Logical Operator\1.03 - Logical Operator.csproj", "{8A65D18E-2051-40D7-8E05-72CD23B1D5C2}"
EndProject
Project("{FAE04EC0-301F-11D3-BF4B-00C04F79EFBC}") = "1.04 - Ternary Operator", "1.04 - Ternary Operator\1.04 - Ternary Operator.csproj", "{D035D683-7073-4F18-BB95-369FEF0C1718}"
EndProject
Project("{FAE04EC0-301F-11D3-BF4B-00C04F79EFBC}") = "1.05 - Nullable References", "1.05 - Nullable References\1.05 - Nullable References.csproj", "{7EAFAEE5-0E1A-477E-8A4E-E341432FB9B6}"
EndProject
Project("{FAE04EC0-301F-11D3-BF4B-00C04F79EFBC}") = "1.06 - if-else-if", "1.06 - if-else-if\1.06 - if-else-if.csproj", "{0EBF251B-4EDD-44FF-991F-BA7B3544E8BB}"
EndProject
Project("{FAE04EC0-301F-11D3-BF4B-00C04F79EFBC}") = "1.07 - Switch", "1.07 - Switch\1.07 - Switch.csproj", "{25D0C852-24B6-4AFF-B58F-6FB76D0F3C31}"
EndProject
Project("{FAE04EC0-301F-11D3-BF4B-00C04F79EFBC}") = "1.08 - For", "1.08 - For\1.08 - For.csproj", "{7FBD8A40-9233-4860-ADD8-65B6EAFB6526}"
EndProject
Project("{FAE04EC0-301F-11D3-BF4B-00C04F79EFBC}") = "1.09 - While", "1.09 - While\1.09 - While.csproj", "{ABDF6311-034B-4B97-8554-FB5B7D8D6BBF}"
EndProject
Project("{FAE04EC0-301F-11D3-BF4B-00C04F79EFBC}") = "1.10 - break continue", "1.10 - break continue\1.10 - break continue.csproj", "{5E76BA76-50B3-456D-8316-AE9AE4DEF5F6}"
EndProject
Project("{FAE04EC0-301F-11D3-BF4B-00C04F79EFBC}") = "1.11 - Constants", "1.11 - Constants\1.11 - Constants.csproj", "{DF9ADDCD-772C-4EA4-BDD8-AD50E4EF8191}"
EndProject
Global
	GlobalSection(SolutionConfigurationPlatforms) = preSolution
		Debug|Any CPU = Debug|Any CPU
		Release|Any CPU = Release|Any CPU
	EndGlobalSection
	GlobalSection(ProjectConfigurationPlatforms) = postSolution
		{D95C403A-FA7D-4FDC-9231-972EDF9983FD}.Debug|Any CPU.ActiveCfg = Debug|Any CPU
		{D95C403A-FA7D-4FDC-9231-972EDF9983FD}.Debug|Any CPU.Build.0 = Debug|Any CPU
		{D95C403A-FA7D-4FDC-9231-972EDF9983FD}.Release|Any CPU.ActiveCfg = Release|Any CPU
		{D95C403A-FA7D-4FDC-9231-972EDF9983FD}.Release|Any CPU.Build.0 = Release|Any CPU
		{D73F0650-62B8-4177-8DC8-9784A6C3717F}.Debug|Any CPU.ActiveCfg = Debug|Any CPU
		{D73F0650-62B8-4177-8DC8-9784A6C3717F}.Debug|Any CPU.Build.0 = Debug|Any CPU
		{D73F0650-62B8-4177-8DC8-9784A6C3717F}.Release|Any CPU.ActiveCfg = Release|Any CPU
		{D73F0650-62B8-4177-8DC8-9784A6C3717F}.Release|Any CPU.Build.0 = Release|Any CPU
		{32BC1BB5-0580-4D7B-84DA-756A03F25453}.Debug|Any CPU.ActiveCfg = Debug|Any CPU
		{32BC1BB5-0580-4D7B-84DA-756A03F25453}.Debug|Any CPU.Build.0 = Debug|Any CPU
		{32BC1BB5-0580-4D7B-84DA-756A03F25453}.Release|Any CPU.ActiveCfg = Release|Any CPU
		{32BC1BB5-0580-4D7B-84DA-756A03F25453}.Release|Any CPU.Build.0 = Release|Any CPU
		{8A65D18E-2051-40D7-8E05-72CD23B1D5C2}.Debug|Any CPU.ActiveCfg = Debug|Any CPU
		{8A65D18E-2051-40D7-8E05-72CD23B1D5C2}.Debug|Any CPU.Build.0 = Debug|Any CPU
		{8A65D18E-2051-40D7-8E05-72CD23B1D5C2}.Release|Any CPU.ActiveCfg = Release|Any CPU
		{8A65D18E-2051-40D7-8E05-72CD23B1D5C2}.Release|Any CPU.Build.0 = Release|Any CPU
		{D035D683-7073-4F18-BB95-369FEF0C1718}.Debug|Any CPU.ActiveCfg = Debug|Any CPU
		{D035D683-7073-4F18-BB95-369FEF0C1718}.Debug|Any CPU.Build.0 = Debug|Any CPU
		{D035D683-7073-4F18-BB95-369FEF0C1718}.Release|Any CPU.ActiveCfg = Release|Any CPU
		{D035D683-7073-4F18-BB95-369FEF0C1718}.Release|Any CPU.Build.0 = Release|Any CPU
		{7EAFAEE5-0E1A-477E-8A4E-E341432FB9B6}.Debug|Any CPU.ActiveCfg = Debug|Any CPU
		{7EAFAEE5-0E1A-477E-8A4E-E341432FB9B6}.Debug|Any CPU.Build.0 = Debug|Any CPU
		{7EAFAEE5-0E1A-477E-8A4E-E341432FB9B6}.Release|Any CPU.ActiveCfg = Release|Any CPU
		{7EAFAEE5-0E1A-477E-8A4E-E341432FB9B6}.Release|Any CPU.Build.0 = Release|Any CPU
		{0EBF251B-4EDD-44FF-991F-BA7B3544E8BB}.Debug|Any CPU.ActiveCfg = Debug|Any CPU
		{0EBF251B-4EDD-44FF-991F-BA7B3544E8BB}.Debug|Any CPU.Build.0 = Debug|Any CPU
		{0EBF251B-4EDD-44FF-991F-BA7B3544E8BB}.Release|Any CPU.ActiveCfg = Release|Any CPU
		{0EBF251B-4EDD-44FF-991F-BA7B3544E8BB}.Release|Any CPU.Build.0 = Release|Any CPU
		{25D0C852-24B6-4AFF-B58F-6FB76D0F3C31}.Debug|Any CPU.ActiveCfg = Debug|Any CPU
		{25D0C852-24B6-4AFF-B58F-6FB76D0F3C31}.Debug|Any CPU.Build.0 = Debug|Any CPU
		{25D0C852-24B6-4AFF-B58F-6FB76D0F3C31}.Release|Any CPU.ActiveCfg = Release|Any CPU
		{25D0C852-24B6-4AFF-B58F-6FB76D0F3C31}.Release|Any CPU.Build.0 = Release|Any CPU
		{7FBD8A40-9233-4860-ADD8-65B6EAFB6526}.Debug|Any CPU.ActiveCfg = Debug|Any CPU
		{7FBD8A40-9233-4860-ADD8-65B6EAFB6526}.Debug|Any CPU.Build.0 = Debug|Any CPU
		{7FBD8A40-9233-4860-ADD8-65B6EAFB6526}.Release|Any CPU.ActiveCfg = Release|Any CPU
		{7FBD8A40-9233-4860-ADD8-65B6EAFB6526}.Release|Any CPU.Build.0 = Release|Any CPU
		{ABDF6311-034B-4B97-8554-FB5B7D8D6BBF}.Debug|Any CPU.ActiveCfg = Debug|Any CPU
		{ABDF6311-034B-4B97-8554-FB5B7D8D6BBF}.Debug|Any CPU.Build.0 = Debug|Any CPU
		{ABDF6311-034B-4B97-8554-FB5B7D8D6BBF}.Release|Any CPU.ActiveCfg = Release|Any CPU
		{ABDF6311-034B-4B97-8554-FB5B7D8D6BBF}.Release|Any CPU.Build.0 = Release|Any CPU
		{5E76BA76-50B3-456D-8316-AE9AE4DEF5F6}.Debug|Any CPU.ActiveCfg = Debug|Any CPU
		{5E76BA76-50B3-456D-8316-AE9AE4DEF5F6}.Debug|Any CPU.Build.0 = Debug|Any CPU
		{5E76BA76-50B3-456D-8316-AE9AE4DEF5F6}.Release|Any CPU.ActiveCfg = Release|Any CPU
		{5E76BA76-50B3-456D-8316-AE9AE4DEF5F6}.Release|Any CPU.Build.0 = Release|Any CPU
		{DF9ADDCD-772C-4EA4-BDD8-AD50E4EF8191}.Debug|Any CPU.ActiveCfg = Debug|Any CPU
		{DF9ADDCD-772C-4EA4-BDD8-AD50E4EF8191}.Debug|Any CPU.Build.0 = Debug|Any CPU
		{DF9ADDCD-772C-4EA4-BDD8-AD50E4EF8191}.Release|Any CPU.ActiveCfg = Release|Any CPU
		{DF9ADDCD-772C-4EA4-BDD8-AD50E4EF8191}.Release|Any CPU.Build.0 = Release|Any CPU
	EndGlobalSection
	GlobalSection(SolutionProperties) = preSolution
		HideSolutionNode = FALSE
	EndGlobalSection
	GlobalSection(ExtensibilityGlobals) = postSolution
		SolutionGuid = {3C57B883-15C8-4ABA-8D74-06D211669823}
	EndGlobalSection
EndGlobal
